
Microsoft Visual Studio Solution File, Format Version 12.00
# Visual Studio 15
VisualStudioVersion = 15.0.28010.2026
MinimumVisualStudioVersion = 10.0.40219.1
Project("{8BC9CEB8-8B4A-11D0-8D11-00A0C91BC942}") = "BreaKOuT", "BreaKOuT\BreaKOuT.vcxproj", "{8A23972E-84F5-4B6F-8811-7BD0DF471D60}"
EndProject
Global
	GlobalSection(SolutionConfigurationPlatforms) = preSolution
		Debug|x64 = Debug|x64
		Debug|x86 = Debug|x86
		Release|x64 = Release|x64
		Release|x86 = Release|x86
	EndGlobalSection
	GlobalSection(ProjectConfigurationPlatforms) = postSolution
		{8A23972E-84F5-4B6F-8811-7BD0DF471D60}.Debug|x64.ActiveCfg = Debug|x64
		{8A23972E-84F5-4B6F-8811-7BD0DF471D60}.Debug|x64.Build.0 = Debug|x64
		{8A23972E-84F5-4B6F-8811-7BD0DF471D60}.Debug|x86.ActiveCfg = Debug|Win32
		{8A23972E-84F5-4B6F-8811-7BD0DF471D60}.Debug|x86.Build.0 = Debug|Win32
		{8A23972E-84F5-4B6F-8811-7BD0DF471D60}.Release|x64.ActiveCfg = Release|x64
		{8A23972E-84F5-4B6F-8811-7BD0DF471D60}.Release|x64.Build.0 = Release|x64
		{8A23972E-84F5-4B6F-8811-7BD0DF471D60}.Release|x86.ActiveCfg = Release|Win32
		{8A23972E-84F5-4B6F-8811-7BD0DF471D60}.Release|x86.Build.0 = Release|Win32
	EndGlobalSection
	GlobalSection(SolutionProperties) = preSolution
		HideSolutionNode = FALSE
	EndGlobalSection
	GlobalSection(ExtensibilityGlobals) = postSolution
		SolutionGuid = {D30E6D39-E409-429F-B896-713E89180F93}
	EndGlobalSection
EndGlobal
